
Microsoft Visual Studio Solution File, Format Version 12.00
# Visual Studio Version 16
VisualStudioVersion = 16.0.28407.52
MinimumVisualStudioVersion = 10.0.40219.1
Project("{8BC9CEB8-8B4A-11D0-8D11-00A0C91BC942}") = "NativeToManagedTest", "NativeToManagedTest\NativeToManagedTest.vcxproj", "{3408A716-93C9-40D2-8B9C-4E5313F57779}"
EndProject
Project("{9A19103F-16F7-4668-BE54-9A1E7A4F7556}") = "ManagedWithDllExport", "ManagedWithDllExport\ManagedWithDllExport.csproj", "{7D681976-8784-4438-A144-2BD7A6DA657C}"
	ProjectSection(ProjectDependencies) = postProject
		{F43ABEBF-5619-4D29-8192-A64277B01F15} = {F43ABEBF-5619-4D29-8192-A64277B01F15}
	EndProjectSection
EndProject
Project("{9A19103F-16F7-4668-BE54-9A1E7A4F7556}") = "Exporter", "Exporter\Exporter.csproj", "{F43ABEBF-5619-4D29-8192-A64277B01F15}"
EndProject
Project("{9A19103F-16F7-4668-BE54-9A1E7A4F7556}") = "WPFTestApp", "WPFTestApp\WPFTestApp.csproj", "{EF45A613-BFFB-4D86-80FA-2C0BB9558D86}"
EndProject
Global
	GlobalSection(SolutionConfigurationPlatforms) = preSolution
		Debug|x64 = Debug|x64
		Debug|x86 = Debug|x86
		Release|x64 = Release|x64
		Release|x86 = Release|x86
	EndGlobalSection
	GlobalSection(ProjectConfigurationPlatforms) = postSolution
		{3408A716-93C9-40D2-8B9C-4E5313F57779}.Debug|x64.ActiveCfg = Debug|x64
		{3408A716-93C9-40D2-8B9C-4E5313F57779}.Debug|x64.Build.0 = Debug|x64
		{3408A716-93C9-40D2-8B9C-4E5313F57779}.Debug|x86.ActiveCfg = Debug|Win32
		{3408A716-93C9-40D2-8B9C-4E5313F57779}.Debug|x86.Build.0 = Debug|Win32
		{3408A716-93C9-40D2-8B9C-4E5313F57779}.Release|x64.ActiveCfg = Release|x64
		{3408A716-93C9-40D2-8B9C-4E5313F57779}.Release|x64.Build.0 = Release|x64
		{3408A716-93C9-40D2-8B9C-4E5313F57779}.Release|x86.ActiveCfg = Release|Win32
		{3408A716-93C9-40D2-8B9C-4E5313F57779}.Release|x86.Build.0 = Release|Win32
		{7D681976-8784-4438-A144-2BD7A6DA657C}.Debug|x64.ActiveCfg = Debug|Any CPU
		{7D681976-8784-4438-A144-2BD7A6DA657C}.Debug|x64.Build.0 = Debug|Any CPU
		{7D681976-8784-4438-A144-2BD7A6DA657C}.Debug|x86.ActiveCfg = Debug|Any CPU
		{7D681976-8784-4438-A144-2BD7A6DA657C}.Debug|x86.Build.0 = Debug|Any CPU
		{7D681976-8784-4438-A144-2BD7A6DA657C}.Release|x64.ActiveCfg = Release|Any CPU
		{7D681976-8784-4438-A144-2BD7A6DA657C}.Release|x64.Build.0 = Release|Any CPU
		{7D681976-8784-4438-A144-2BD7A6DA657C}.Release|x86.ActiveCfg = Release|Any CPU
		{7D681976-8784-4438-A144-2BD7A6DA657C}.Release|x86.Build.0 = Release|Any CPU
		{F43ABEBF-5619-4D29-8192-A64277B01F15}.Debug|x64.ActiveCfg = Debug|Any CPU
		{F43ABEBF-5619-4D29-8192-A64277B01F15}.Debug|x64.Build.0 = Debug|Any CPU
		{F43ABEBF-5619-4D29-8192-A64277B01F15}.Debug|x86.ActiveCfg = Debug|Any CPU
		{F43ABEBF-5619-4D29-8192-A64277B01F15}.Debug|x86.Build.0 = Debug|Any CPU
		{F43ABEBF-5619-4D29-8192-A64277B01F15}.Release|x64.ActiveCfg = Release|Any CPU
		{F43ABEBF-5619-4D29-8192-A64277B01F15}.Release|x64.Build.0 = Release|Any CPU
		{F43ABEBF-5619-4D29-8192-A64277B01F15}.Release|x86.ActiveCfg = Release|Any CPU
		{F43ABEBF-5619-4D29-8192-A64277B01F15}.Release|x86.Build.0 = Release|Any CPU
		{EF45A613-BFFB-4D86-80FA-2C0BB9558D86}.Debug|x64.ActiveCfg = Debug|x64
		{EF45A613-BFFB-4D86-80FA-2C0BB9558D86}.Debug|x64.Build.0 = Debug|x64
		{EF45A613-BFFB-4D86-80FA-2C0BB9558D86}.Debug|x86.ActiveCfg = Debug|x86
		{EF45A613-BFFB-4D86-80FA-2C0BB9558D86}.Debug|x86.Build.0 = Debug|x86
		{EF45A613-BFFB-4D86-80FA-2C0BB9558D86}.Release|x64.ActiveCfg = Release|x64
		{EF45A613-BFFB-4D86-80FA-2C0BB9558D86}.Release|x64.Build.0 = Release|x64
		{EF45A613-BFFB-4D86-80FA-2C0BB9558D86}.Release|x86.ActiveCfg = Release|x86
		{EF45A613-BFFB-4D86-80FA-2C0BB9558D86}.Release|x86.Build.0 = Release|x86
	EndGlobalSection
	GlobalSection(SolutionProperties) = preSolution
		HideSolutionNode = FALSE
	EndGlobalSection
	GlobalSection(ExtensibilityGlobals) = postSolution
		SolutionGuid = {681E153C-7074-4D44-8E5F-CBA441C5026D}
	EndGlobalSection
EndGlobal
